
Microsoft Visual Studio Solution File, Format Version 12.00
# Visual Studio Version 17
VisualStudioVersion = 17.12.35506.116 d17.12
MinimumVisualStudioVersion = 10.0.40219.1
Project("{FAE04EC0-301F-11D3-BF4B-00C04F79EFBC}") = "TelerikBlazorWasmStandalone", "TelerikBlazorWasmStandalone\TelerikBlazorWasmStandalone.csproj", "{C10C311B-98E5-4EAF-860D-D053C9B69C8B}"
EndProject
Global
	GlobalSection(SolutionConfigurationPlatforms) = preSolution
		Debug|Any CPU = Debug|Any CPU
		Release|Any CPU = Release|Any CPU
	EndGlobalSection
	GlobalSection(ProjectConfigurationPlatforms) = postSolution
		{C10C311B-98E5-4EAF-860D-D053C9B69C8B}.Debug|Any CPU.ActiveCfg = Debug|Any CPU
		{C10C311B-98E5-4EAF-860D-D053C9B69C8B}.Debug|Any CPU.Build.0 = Debug|Any CPU
		{C10C311B-98E5-4EAF-860D-D053C9B69C8B}.Release|Any CPU.ActiveCfg = Release|Any CPU
		{C10C311B-98E5-4EAF-860D-D053C9B69C8B}.Release|Any CPU.Build.0 = Release|Any CPU
	EndGlobalSection
	GlobalSection(SolutionProperties) = preSolution
		HideSolutionNode = FALSE
	EndGlobalSection
EndGlobal
